
Microsoft Visual Studio Solution File, Format Version 12.00
# Visual Studio Version 17
VisualStudioVersion = 17.0.31919.166
MinimumVisualStudioVersion = 10.0.40219.1
Project("{8BC9CEB8-8B4A-11D0-8D11-00A0C91BC942}") = "clase si obiecte", "clase si obiecte.vcxproj", "{D1AFDDC3-7B41-4C9C-A8A5-4783084480C8}"
EndProject
Global
	GlobalSection(SolutionConfigurationPlatforms) = preSolution
		Debug|x64 = Debug|x64
		Debug|x86 = Debug|x86
		Release|x64 = Release|x64
		Release|x86 = Release|x86
	EndGlobalSection
	GlobalSection(ProjectConfigurationPlatforms) = postSolution
		{D1AFDDC3-7B41-4C9C-A8A5-4783084480C8}.Debug|x64.ActiveCfg = Debug|x64
		{D1AFDDC3-7B41-4C9C-A8A5-4783084480C8}.Debug|x64.Build.0 = Debug|x64
		{D1AFDDC3-7B41-4C9C-A8A5-4783084480C8}.Debug|x86.ActiveCfg = Debug|Win32
		{D1AFDDC3-7B41-4C9C-A8A5-4783084480C8}.Debug|x86.Build.0 = Debug|Win32
		{D1AFDDC3-7B41-4C9C-A8A5-4783084480C8}.Release|x64.ActiveCfg = Release|x64
		{D1AFDDC3-7B41-4C9C-A8A5-4783084480C8}.Release|x64.Build.0 = Release|x64
		{D1AFDDC3-7B41-4C9C-A8A5-4783084480C8}.Release|x86.ActiveCfg = Release|Win32
		{D1AFDDC3-7B41-4C9C-A8A5-4783084480C8}.Release|x86.Build.0 = Release|Win32
	EndGlobalSection
	GlobalSection(SolutionProperties) = preSolution
		HideSolutionNode = FALSE
	EndGlobalSection
	GlobalSection(ExtensibilityGlobals) = postSolution
		SolutionGuid = {C496F687-2635-427D-A50E-5998EDE892BF}
	EndGlobalSection
EndGlobal
